
Microsoft Visual Studio Solution File, Format Version 12.00
# Visual Studio Version 17
VisualStudioVersion = 17.14.36705.20 d17.14
MinimumVisualStudioVersion = 10.0.40219.1
Project("{FAE04EC0-301F-11D3-BF4B-00C04F79EFBC}") = "MiniProject", "MiniProject.csproj", "{07693863-9C81-4AC7-8EFC-4C64F48F61FD}"
EndProject
Global
	GlobalSection(SolutionConfigurationPlatforms) = preSolution
		Debug|Any CPU = Debug|Any CPU
		Release|Any CPU = Release|Any CPU
	EndGlobalSection
	GlobalSection(ProjectConfigurationPlatforms) = postSolution
		{07693863-9C81-4AC7-8EFC-4C64F48F61FD}.Debug|Any CPU.ActiveCfg = Debug|Any CPU
		{07693863-9C81-4AC7-8EFC-4C64F48F61FD}.Debug|Any CPU.Build.0 = Debug|Any CPU
		{07693863-9C81-4AC7-8EFC-4C64F48F61FD}.Release|Any CPU.ActiveCfg = Release|Any CPU
		{07693863-9C81-4AC7-8EFC-4C64F48F61FD}.Release|Any CPU.Build.0 = Release|Any CPU
	EndGlobalSection
	GlobalSection(SolutionProperties) = preSolution
		HideSolutionNode = FALSE
	EndGlobalSection
	GlobalSection(ExtensibilityGlobals) = postSolution
		SolutionGuid = {A728D9AD-DC95-41AE-8EBE-3B101A20A200}
	EndGlobalSection
EndGlobal
